
Microsoft Visual Studio Solution File, Format Version 12.00
# Visual Studio Version 17
VisualStudioVersion = 17.6.33801.468
MinimumVisualStudioVersion = 10.0.40219.1
Project("{FAE04EC0-301F-11D3-BF4B-00C04F79EFBC}") = "Test_1", "Test_1\Test_1.csproj", "{E268CB50-49D7-4D3B-B418-F23F1380B565}"
EndProject
Global
	GlobalSection(SolutionConfigurationPlatforms) = preSolution
		Debug|Any CPU = Debug|Any CPU
		Release|Any CPU = Release|Any CPU
	EndGlobalSection
	GlobalSection(ProjectConfigurationPlatforms) = postSolution
		{E268CB50-49D7-4D3B-B418-F23F1380B565}.Debug|Any CPU.ActiveCfg = Debug|Any CPU
		{E268CB50-49D7-4D3B-B418-F23F1380B565}.Debug|Any CPU.Build.0 = Debug|Any CPU
		{E268CB50-49D7-4D3B-B418-F23F1380B565}.Release|Any CPU.ActiveCfg = Release|Any CPU
		{E268CB50-49D7-4D3B-B418-F23F1380B565}.Release|Any CPU.Build.0 = Release|Any CPU
	EndGlobalSection
	GlobalSection(SolutionProperties) = preSolution
		HideSolutionNode = FALSE
	EndGlobalSection
	GlobalSection(ExtensibilityGlobals) = postSolution
		SolutionGuid = {60526BD4-3E3A-488E-88A0-986C9D2BE666}
	EndGlobalSection
EndGlobal
